
Microsoft Visual Studio Solution File, Format Version 12.00
# Visual Studio Version 16
VisualStudioVersion = 16.0.30621.155
MinimumVisualStudioVersion = 10.0.40219.1
Project("{FAE04EC0-301F-11D3-BF4B-00C04F79EFBC}") = "test retezce", "test retezce\test retezce.csproj", "{84120DEC-2896-43D5-8DA6-EEE4694049D7}"
EndProject
Global
	GlobalSection(SolutionConfigurationPlatforms) = preSolution
		Debug|Any CPU = Debug|Any CPU
		Release|Any CPU = Release|Any CPU
	EndGlobalSection
	GlobalSection(ProjectConfigurationPlatforms) = postSolution
		{84120DEC-2896-43D5-8DA6-EEE4694049D7}.Debug|Any CPU.ActiveCfg = Debug|Any CPU
		{84120DEC-2896-43D5-8DA6-EEE4694049D7}.Debug|Any CPU.Build.0 = Debug|Any CPU
		{84120DEC-2896-43D5-8DA6-EEE4694049D7}.Release|Any CPU.ActiveCfg = Release|Any CPU
		{84120DEC-2896-43D5-8DA6-EEE4694049D7}.Release|Any CPU.Build.0 = Release|Any CPU
	EndGlobalSection
	GlobalSection(SolutionProperties) = preSolution
		HideSolutionNode = FALSE
	EndGlobalSection
	GlobalSection(ExtensibilityGlobals) = postSolution
		SolutionGuid = {A24C33F5-CE03-40B3-B813-3B032DDA8DAD}
	EndGlobalSection
EndGlobal
